
Microsoft Visual Studio Solution File, Format Version 12.00
# Visual Studio Version 16
VisualStudioVersion = 16.0.31313.79
MinimumVisualStudioVersion = 10.0.40219.1
Project("{FAE04EC0-301F-11D3-BF4B-00C04F79EFBC}") = "Shared", "Shared\Shared.csproj", "{585E0B7D-C68E-46AF-B0B2-A076ED92E6B3}"
EndProject
Project("{FAE04EC0-301F-11D3-BF4B-00C04F79EFBC}") = "Metadata", "Metadata\Metadata.csproj", "{9E598B7A-C575-4014-8369-BC40204C62FA}"
EndProject
Project("{FAE04EC0-301F-11D3-BF4B-00C04F79EFBC}") = "DataAccessLayer", "DataAccessLayer\DataAccessLayer.csproj", "{ABEED9A2-D5C8-44E2-8FFD-4DDBED4EDC99}"
EndProject
Project("{FAE04EC0-301F-11D3-BF4B-00C04F79EFBC}") = "BusinessLogicalLayer", "BusinessLogicalLayer\BusinessLogicalLayer.csproj", "{7B1F7437-90E3-47C1-A2FE-31E60F83E443}"
EndProject
Project("{FAE04EC0-301F-11D3-BF4B-00C04F79EFBC}") = "Presentation Layer", "Presentation Layer\Presentation Layer.csproj", "{B4851316-BD97-477B-8144-1270CC58F795}"
EndProject
Global
	GlobalSection(SolutionConfigurationPlatforms) = preSolution
		Debug|Any CPU = Debug|Any CPU
		Release|Any CPU = Release|Any CPU
	EndGlobalSection
	GlobalSection(ProjectConfigurationPlatforms) = postSolution
		{585E0B7D-C68E-46AF-B0B2-A076ED92E6B3}.Debug|Any CPU.ActiveCfg = Debug|Any CPU
		{585E0B7D-C68E-46AF-B0B2-A076ED92E6B3}.Debug|Any CPU.Build.0 = Debug|Any CPU
		{585E0B7D-C68E-46AF-B0B2-A076ED92E6B3}.Release|Any CPU.ActiveCfg = Release|Any CPU
		{585E0B7D-C68E-46AF-B0B2-A076ED92E6B3}.Release|Any CPU.Build.0 = Release|Any CPU
		{9E598B7A-C575-4014-8369-BC40204C62FA}.Debug|Any CPU.ActiveCfg = Debug|Any CPU
		{9E598B7A-C575-4014-8369-BC40204C62FA}.Debug|Any CPU.Build.0 = Debug|Any CPU
		{9E598B7A-C575-4014-8369-BC40204C62FA}.Release|Any CPU.ActiveCfg = Release|Any CPU
		{9E598B7A-C575-4014-8369-BC40204C62FA}.Release|Any CPU.Build.0 = Release|Any CPU
		{ABEED9A2-D5C8-44E2-8FFD-4DDBED4EDC99}.Debug|Any CPU.ActiveCfg = Debug|Any CPU
		{ABEED9A2-D5C8-44E2-8FFD-4DDBED4EDC99}.Debug|Any CPU.Build.0 = Debug|Any CPU
		{ABEED9A2-D5C8-44E2-8FFD-4DDBED4EDC99}.Release|Any CPU.ActiveCfg = Release|Any CPU
		{ABEED9A2-D5C8-44E2-8FFD-4DDBED4EDC99}.Release|Any CPU.Build.0 = Release|Any CPU
		{7B1F7437-90E3-47C1-A2FE-31E60F83E443}.Debug|Any CPU.ActiveCfg = Debug|Any CPU
		{7B1F7437-90E3-47C1-A2FE-31E60F83E443}.Debug|Any CPU.Build.0 = Debug|Any CPU
		{7B1F7437-90E3-47C1-A2FE-31E60F83E443}.Release|Any CPU.ActiveCfg = Release|Any CPU
		{7B1F7437-90E3-47C1-A2FE-31E60F83E443}.Release|Any CPU.Build.0 = Release|Any CPU
		{B4851316-BD97-477B-8144-1270CC58F795}.Debug|Any CPU.ActiveCfg = Debug|Any CPU
		{B4851316-BD97-477B-8144-1270CC58F795}.Debug|Any CPU.Build.0 = Debug|Any CPU
		{B4851316-BD97-477B-8144-1270CC58F795}.Release|Any CPU.ActiveCfg = Release|Any CPU
		{B4851316-BD97-477B-8144-1270CC58F795}.Release|Any CPU.Build.0 = Release|Any CPU
	EndGlobalSection
	GlobalSection(SolutionProperties) = preSolution
		HideSolutionNode = FALSE
	EndGlobalSection
	GlobalSection(ExtensibilityGlobals) = postSolution
		SolutionGuid = {CC289045-EE7B-4D0A-A22A-D8AB3ECCBE9B}
	EndGlobalSection
EndGlobal
